
Microsoft Visual Studio Solution File, Format Version 12.00
# Visual Studio Version 16
VisualStudioVersion = 16.0.31112.23
MinimumVisualStudioVersion = 10.0.40219.1
Project("{FAE04EC0-301F-11D3-BF4B-00C04F79EFBC}") = "Test1", "Test1\Test1.csproj", "{BA648887-55C2-4F82-957C-44DD2724561B}"
EndProject
Project("{2150E333-8FDC-42A3-9474-1A3956D46DE8}") = "Test1", "Test1", "{11067195-1C2E-47BD-9297-9F83B30BF5A9}"
EndProject
Global
	GlobalSection(SolutionConfigurationPlatforms) = preSolution
		Debug|Any CPU = Debug|Any CPU
		Release|Any CPU = Release|Any CPU
	EndGlobalSection
	GlobalSection(ProjectConfigurationPlatforms) = postSolution
		{BA648887-55C2-4F82-957C-44DD2724561B}.Debug|Any CPU.ActiveCfg = Debug|Any CPU
		{BA648887-55C2-4F82-957C-44DD2724561B}.Debug|Any CPU.Build.0 = Debug|Any CPU
		{BA648887-55C2-4F82-957C-44DD2724561B}.Release|Any CPU.ActiveCfg = Release|Any CPU
		{BA648887-55C2-4F82-957C-44DD2724561B}.Release|Any CPU.Build.0 = Release|Any CPU
	EndGlobalSection
	GlobalSection(SolutionProperties) = preSolution
		HideSolutionNode = FALSE
	EndGlobalSection
	GlobalSection(NestedProjects) = preSolution
		{BA648887-55C2-4F82-957C-44DD2724561B} = {11067195-1C2E-47BD-9297-9F83B30BF5A9}
	EndGlobalSection
	GlobalSection(ExtensibilityGlobals) = postSolution
		SolutionGuid = {ADC66701-2478-4154-939B-9CE8642ED82B}
	EndGlobalSection
EndGlobal
